
Microsoft Visual Studio Solution File, Format Version 12.00
# Visual Studio Version 16
VisualStudioVersion = 16.0.30621.155
MinimumVisualStudioVersion = 10.0.40219.1
Project("{FAE04EC0-301F-11D3-BF4B-00C04F79EFBC}") = "TestKubernetes", "TestKubernetes\TestKubernetes.csproj", "{415964A9-5A8F-470D-B044-CA87FC52C2A7}"
EndProject
Global
	GlobalSection(SolutionConfigurationPlatforms) = preSolution
		Debug|Any CPU = Debug|Any CPU
		Release|Any CPU = Release|Any CPU
	EndGlobalSection
	GlobalSection(ProjectConfigurationPlatforms) = postSolution
		{415964A9-5A8F-470D-B044-CA87FC52C2A7}.Debug|Any CPU.ActiveCfg = Debug|Any CPU
		{415964A9-5A8F-470D-B044-CA87FC52C2A7}.Debug|Any CPU.Build.0 = Debug|Any CPU
		{415964A9-5A8F-470D-B044-CA87FC52C2A7}.Release|Any CPU.ActiveCfg = Release|Any CPU
		{415964A9-5A8F-470D-B044-CA87FC52C2A7}.Release|Any CPU.Build.0 = Release|Any CPU
	EndGlobalSection
	GlobalSection(SolutionProperties) = preSolution
		HideSolutionNode = FALSE
	EndGlobalSection
	GlobalSection(ExtensibilityGlobals) = postSolution
		SolutionGuid = {96A43A7D-E9A0-45FD-9C4F-22B18338DA1A}
	EndGlobalSection
EndGlobal
